// !$*UTF8*$!
{
	archiveVersion = 1;
	classes = {
	};
	objectVersion = 46;
	objects = {

/* Begin PBXBuildFile section */
		8BA6C20617C911DC0086BB9C /* UIKit.framework in Frameworks */ = {isa = PBXBuildFile; fileRef = 8BA6C20517C911DC0086BB9C /* UIKit.framework */; };
		8BA6C20817C911DC0086BB9C /* Foundation.framework in Frameworks */ = {isa = PBXBuildFile; fileRef = 8BA6C20717C911DC0086BB9C /* Foundation.framework */; };
		8BA6C20A17C911DC0086BB9C /* CoreGraphics.framework in Frameworks */ = {isa = PBXBuildFile; fileRef = 8BA6C20917C911DC0086BB9C /* CoreGraphics.framework */; };
		8BA6C21017C911DC0086BB9C /* InfoPlist.strings in Resources */ = {isa = PBXBuildFile; fileRef = 8BA6C20E17C911DC0086BB9C /* InfoPlist.strings */; };
		8BA6C21217C911DC0086BB9C /* main.m in Sources */ = {isa = PBXBuildFile; fileRef = 8BA6C21117C911DC0086BB9C /* main.m */; };
		8BA6C21617C911DC0086BB9C /* RNAppDelegate.m in Sources */ = {isa = PBXBuildFile; fileRef = 8BA6C21517C911DC0086BB9C /* RNAppDelegate.m */; };
		8BA6C21817C911DC0086BB9C /* Default.png in Resources */ = {isa = PBXBuildFile; fileRef = 8BA6C21717C911DC0086BB9C /* Default.png */; };
		8BA6C21A17C911DC0086BB9C /* Default@2x.png in Resources */ = {isa = PBXBuildFile; fileRef = 8BA6C21917C911DC0086BB9C /* Default@2x.png */; };
		8BA6C21C17C911DC0086BB9C /* Default-568h@2x.png in Resources */ = {isa = PBXBuildFile; fileRef = 8BA6C21B17C911DC0086BB9C /* Default-568h@2x.png */; };
		8BA6C21F17C911DC0086BB9C /* MainStoryboard.storyboard in Resources */ = {isa = PBXBuildFile; fileRef = 8BA6C21D17C911DC0086BB9C /* MainStoryboard.storyboard */; };
		8BA6C22217C911DC0086BB9C /* RNViewController.m in Sources */ = {isa = PBXBuildFile; fileRef = 8BA6C22117C911DC0086BB9C /* RNViewController.m */; };
		8BA6C22D17C91B070086BB9C /* RNPerson.m in Sources */ = {isa = PBXBuildFile; fileRef = 8BA6C22C17C91B070086BB9C /* RNPerson.m */; };
		8BA6C23017C91E900086BB9C /* RNLogViewController.m in Sources */ = {isa = PBXBuildFile; fileRef = 8BA6C22F17C91E900086BB9C /* RNLogViewController.m */; };
		8BA6C23217C929560086BB9C /* Projects.plist in Resources */ = {isa = PBXBuildFile; fileRef = 8BA6C23117C929560086BB9C /* Projects.plist */; };
		8BA6C23517C92A0E0086BB9C /* RNProjectsViewController.m in Sources */ = {isa = PBXBuildFile; fileRef = 8BA6C23417C92A0E0086BB9C /* RNProjectsViewController.m */; };
		8BA6C23B17C936ED0086BB9C /* RNRecipientsViewController.m in Sources */ = {isa = PBXBuildFile; fileRef = 8BA6C23A17C936ED0086BB9C /* RNRecipientsViewController.m */; };
		8BA6C23E17C953180086BB9C /* RNSettingsViewController.m in Sources */ = {isa = PBXBuildFile; fileRef = 8BA6C23D17C953180086BB9C /* RNSettingsViewController.m */; };
		8BE19C9417CA246A00E19004 /* RNCore.m in Sources */ = {isa = PBXBuildFile; fileRef = 8BE19C9317CA246A00E19004 /* RNCore.m */; };
		8BE19C9617CA2CF800E19004 /* MessageUI.framework in Frameworks */ = {isa = PBXBuildFile; fileRef = 8BE19C9517CA2CF800E19004 /* MessageUI.framework */; };
/* End PBXBuildFile section */

/* Begin PBXFileReference section */
		8BA6C20217C911DC0086BB9C /* ReactifyNetwork.app */ = {isa = PBXFileReference; explicitFileType = wrapper.application; includeInIndex = 0; path = ReactifyNetwork.app; sourceTree = BUILT_PRODUCTS_DIR; };
		8BA6C20517C911DC0086BB9C /* UIKit.framework */ = {isa = PBXFileReference; lastKnownFileType = wrapper.framework; name = UIKit.framework; path = System/Library/Frameworks/UIKit.framework; sourceTree = SDKROOT; };
		8BA6C20717C911DC0086BB9C /* Foundation.framework */ = {isa = PBXFileReference; lastKnownFileType = wrapper.framework; name = Foundation.framework; path = System/Library/Frameworks/Foundation.framework; sourceTree = SDKROOT; };
		8BA6C20917C911DC0086BB9C /* CoreGraphics.framework */ = {isa = PBXFileReference; lastKnownFileType = wrapper.framework; name = CoreGraphics.framework; path = System/Library/Frameworks/CoreGraphics.framework; sourceTree = SDKROOT; };
		8BA6C20D17C911DC0086BB9C /* ReactifyNetwork-Info.plist */ = {isa = PBXFileReference; lastKnownFileType = text.plist.xml; path = "ReactifyNetwork-Info.plist"; sourceTree = "<group>"; };
		8BA6C20F17C911DC0086BB9C /* en */ = {isa = PBXFileReference; lastKnownFileType = text.plist.strings; name = en; path = en.lproj/InfoPlist.strings; sourceTree = "<group>"; };
		8BA6C21117C911DC0086BB9C /* main.m */ = {isa = PBXFileReference; lastKnownFileType = sourcecode.c.objc; path = main.m; sourceTree = "<group>"; };
		8BA6C21317C911DC0086BB9C /* ReactifyNetwork-Prefix.pch */ = {isa = PBXFileReference; lastKnownFileType = sourcecode.c.h; path = "ReactifyNetwork-Prefix.pch"; sourceTree = "<group>"; };
		8BA6C21417C911DC0086BB9C /* RNAppDelegate.h */ = {isa = PBXFileReference; lastKnownFileType = sourcecode.c.h; path = RNAppDelegate.h; sourceTree = "<group>"; };
		8BA6C21517C911DC0086BB9C /* RNAppDelegate.m */ = {isa = PBXFileReference; lastKnownFileType = sourcecode.c.objc; path = RNAppDelegate.m; sourceTree = "<group>"; };
		8BA6C21717C911DC0086BB9C /* Default.png */ = {isa = PBXFileReference; lastKnownFileType = image.png; path = Default.png; sourceTree = "<group>"; };
		8BA6C21917C911DC0086BB9C /* Default@2x.png */ = {isa = PBXFileReference; lastKnownFileType = image.png; path = "Default@2x.png"; sourceTree = "<group>"; };
		8BA6C21B17C911DC0086BB9C /* Default-568h@2x.png */ = {isa = PBXFileReference; lastKnownFileType = image.png; path = "Default-568h@2x.png"; sourceTree = "<group>"; };
		8BA6C21E17C911DC0086BB9C /* en */ = {isa = PBXFileReference; lastKnownFileType = file.storyboard; name = en; path = en.lproj/MainStoryboard.storyboard; sourceTree = "<group>"; };
		8BA6C22017C911DC0086BB9C /* RNViewController.h */ = {isa = PBXFileReference; lastKnownFileType = sourcecode.c.h; path = RNViewController.h; sourceTree = "<group>"; };
		8BA6C22117C911DC0086BB9C /* RNViewController.m */ = {isa = PBXFileReference; lastKnownFileType = sourcecode.c.objc; path = RNViewController.m; sourceTree = "<group>"; };
		8BA6C22B17C91B070086BB9C /* RNPerson.h */ = {isa = PBXFileReference; fileEncoding = 4; lastKnownFileType = sourcecode.c.h; name = RNPerson.h; path = Classes/RNPerson.h; sourceTree = "<group>"; };
		8BA6C22C17C91B070086BB9C /* RNPerson.m */ = {isa = PBXFileReference; fileEncoding = 4; lastKnownFileType = sourcecode.c.objc; name = RNPerson.m; path = Classes/RNPerson.m; sourceTree = "<group>"; };
		8BA6C22E17C91E900086BB9C /* RNLogViewController.h */ = {isa = PBXFileReference; fileEncoding = 4; lastKnownFileType = sourcecode.c.h; name = RNLogViewController.h; path = Classes/RNLogViewController.h; sourceTree = "<group>"; };
		8BA6C22F17C91E900086BB9C /* RNLogViewController.m */ = {isa = PBXFileReference; fileEncoding = 4; lastKnownFileType = sourcecode.c.objc; name = RNLogViewController.m; path = Classes/RNLogViewController.m; sourceTree = "<group>"; };
		8BA6C23117C929560086BB9C /* Projects.plist */ = {isa = PBXFileReference; fileEncoding = 4; lastKnownFileType = text.plist.xml; name = Projects.plist; path = Resources/Projects.plist; sourceTree = SOURCE_ROOT; };
		8BA6C23317C92A0E0086BB9C /* RNProjectsViewController.h */ = {isa = PBXFileReference; fileEncoding = 4; lastKnownFileType = sourcecode.c.h; name = RNProjectsViewController.h; path = Classes/RNProjectsViewController.h; sourceTree = "<group>"; };
		8BA6C23417C92A0E0086BB9C /* RNProjectsViewController.m */ = {isa = PBXFileReference; fileEncoding = 4; lastKnownFileType = sourcecode.c.objc; name = RNProjectsViewController.m; path = Classes/RNProjectsViewController.m; sourceTree = "<group>"; };
		8BA6C23917C936ED0086BB9C /* RNRecipientsViewController.h */ = {isa = PBXFileReference; fileEncoding = 4; lastKnownFileType = sourcecode.c.h; name = RNRecipientsViewController.h; path = Classes/RNRecipientsViewController.h; sourceTree = "<group>"; };
		8BA6C23A17C936ED0086BB9C /* RNRecipientsViewController.m */ = {isa = PBXFileReference; fileEncoding = 4; lastKnownFileType = sourcecode.c.objc; name = RNRecipientsViewController.m; path = Classes/RNRecipientsViewController.m; sourceTree = "<group>"; };
		8BA6C23C17C953180086BB9C /* RNSettingsViewController.h */ = {isa = PBXFileReference; fileEncoding = 4; lastKnownFileType = sourcecode.c.h; name = RNSettingsViewController.h; path = Classes/RNSettingsViewController.h; sourceTree = "<group>"; };
		8BA6C23D17C953180086BB9C /* RNSettingsViewController.m */ = {isa = PBXFileReference; fileEncoding = 4; lastKnownFileType = sourcecode.c.objc; name = RNSettingsViewController.m; path = Classes/RNSettingsViewController.m; sourceTree = "<group>"; };
		8BE19C9217CA246A00E19004 /* RNCore.h */ = {isa = PBXFileReference; fileEncoding = 4; lastKnownFileType = sourcecode.c.h; name = RNCore.h; path = Classes/RNCore.h; sourceTree = "<group>"; };
		8BE19C9317CA246A00E19004 /* RNCore.m */ = {isa = PBXFileReference; fileEncoding = 4; lastKnownFileType = sourcecode.c.objc; name = RNCore.m; path = Classes/RNCore.m; sourceTree = "<group>"; };
		8BE19C9517CA2CF800E19004 /* MessageUI.framework */ = {isa = PBXFileReference; lastKnownFileType = wrapper.framework; name = MessageUI.framework; path = System/Library/Frameworks/MessageUI.framework; sourceTree = SDKROOT; };
/* End PBXFileReference section */

/* Begin PBXFrameworksBuildPhase section */
		8BA6C1FF17C911DC0086BB9C /* Frameworks */ = {
			isa = PBXFrameworksBuildPhase;
			buildActionMask = 2147483647;
			files = (
				8BE19C9617CA2CF800E19004 /* MessageUI.framework in Frameworks */,
				8BA6C20617C911DC0086BB9C /* UIKit.framework in Frameworks */,
				8BA6C20817C911DC0086BB9C /* Foundation.framework in Frameworks */,
				8BA6C20A17C911DC0086BB9C /* CoreGraphics.framework in Frameworks */,
			);
			runOnlyForDeploymentPostprocessing = 0;
		};
/* End PBXFrameworksBuildPhase section */

/* Begin PBXGroup section */
		8BA6C1F917C911DC0086BB9C = {
			isa = PBXGroup;
			children = (
				8BE19C9217CA246A00E19004 /* RNCore.h */,
				8BE19C9317CA246A00E19004 /* RNCore.m */,
				8BA6C22B17C91B070086BB9C /* RNPerson.h */,
				8BA6C22C17C91B070086BB9C /* RNPerson.m */,
				8BA6C23317C92A0E0086BB9C /* RNProjectsViewController.h */,
				8BA6C23417C92A0E0086BB9C /* RNProjectsViewController.m */,
				8BA6C23917C936ED0086BB9C /* RNRecipientsViewController.h */,
				8BA6C23A17C936ED0086BB9C /* RNRecipientsViewController.m */,
				8BA6C23C17C953180086BB9C /* RNSettingsViewController.h */,
				8BA6C23D17C953180086BB9C /* RNSettingsViewController.m */,
				8BA6C22E17C91E900086BB9C /* RNLogViewController.h */,
				8BA6C22F17C91E900086BB9C /* RNLogViewController.m */,
				8BA6C20B17C911DC0086BB9C /* ReactifyNetwork */,
				8BA6C20417C911DC0086BB9C /* Frameworks */,
				8BA6C20317C911DC0086BB9C /* Products */,
			);
			sourceTree = "<group>";
		};
		8BA6C20317C911DC0086BB9C /* Products */ = {
			isa = PBXGroup;
			children = (
				8BA6C20217C911DC0086BB9C /* ReactifyNetwork.app */,
			);
			name = Products;
			sourceTree = "<group>";
		};
		8BA6C20417C911DC0086BB9C /* Frameworks */ = {
			isa = PBXGroup;
			children = (
				8BE19C9517CA2CF800E19004 /* MessageUI.framework */,
				8BA6C20517C911DC0086BB9C /* UIKit.framework */,
				8BA6C20717C911DC0086BB9C /* Foundation.framework */,
				8BA6C20917C911DC0086BB9C /* CoreGraphics.framework */,
			);
			name = Frameworks;
			sourceTree = "<group>";
		};
		8BA6C20B17C911DC0086BB9C /* ReactifyNetwork */ = {
			isa = PBXGroup;
			children = (
				8BA6C21417C911DC0086BB9C /* RNAppDelegate.h */,
				8BA6C21517C911DC0086BB9C /* RNAppDelegate.m */,
				8BA6C21D17C911DC0086BB9C /* MainStoryboard.storyboard */,
				8BA6C22017C911DC0086BB9C /* RNViewController.h */,
				8BA6C22117C911DC0086BB9C /* RNViewController.m */,
				8BA6C20C17C911DC0086BB9C /* Supporting Files */,
			);
			path = ReactifyNetwork;
			sourceTree = "<group>";
		};
		8BA6C20C17C911DC0086BB9C /* Supporting Files */ = {
			isa = PBXGroup;
			children = (
				8BA6C23117C929560086BB9C /* Projects.plist */,
				8BA6C20D17C911DC0086BB9C /* ReactifyNetwork-Info.plist */,
				8BA6C20E17C911DC0086BB9C /* InfoPlist.strings */,
				8BA6C21117C911DC0086BB9C /* main.m */,
				8BA6C21317C911DC0086BB9C /* ReactifyNetwork-Prefix.pch */,
				8BA6C21717C911DC0086BB9C /* Default.png */,
				8BA6C21917C911DC0086BB9C /* Default@2x.png */,
				8BA6C21B17C911DC0086BB9C /* Default-568h@2x.png */,
			);
			name = "Supporting Files";
			sourceTree = "<group>";
		};
/* End PBXGroup section */

/* Begin PBXNativeTarget section */
		8BA6C20117C911DC0086BB9C /* ReactifyNetwork */ = {
			isa = PBXNativeTarget;
			buildConfigurationList = 8BA6C22517C911DC0086BB9C /* Build configuration list for PBXNativeTarget "ReactifyNetwork" */;
			buildPhases = (
				8BA6C1FE17C911DC0086BB9C /* Sources */,
				8BA6C1FF17C911DC0086BB9C /* Frameworks */,
				8BA6C20017C911DC0086BB9C /* Resources */,
			);
			buildRules = (
			);
			dependencies = (
			);
			name = ReactifyNetwork;
			productName = ReactifyNetwork;
			productReference = 8BA6C20217C911DC0086BB9C /* ReactifyNetwork.app */;
			productType = "com.apple.product-type.application";
		};
/* End PBXNativeTarget section */

/* Begin PBXProject section */
		8BA6C1FA17C911DC0086BB9C /* Project object */ = {
			isa = PBXProject;
			attributes = {
				CLASSPREFIX = RN;
				LastUpgradeCheck = 0460;
				ORGANIZATIONNAME = Reactify;
			};
			buildConfigurationList = 8BA6C1FD17C911DC0086BB9C /* Build configuration list for PBXProject "ReactifyNetwork" */;
			compatibilityVersion = "Xcode 3.2";
			developmentRegion = English;
			hasScannedForEncodings = 0;
			knownRegions = (
				en,
			);
			mainGroup = 8BA6C1F917C911DC0086BB9C;
			productRefGroup = 8BA6C20317C911DC0086BB9C /* Products */;
			projectDirPath = "";
			projectRoot = "";
			targets = (
				8BA6C20117C911DC0086BB9C /* ReactifyNetwork */,
			);
		};
/* End PBXProject section */

/* Begin PBXResourcesBuildPhase section */
		8BA6C20017C911DC0086BB9C /* Resources */ = {
			isa = PBXResourcesBuildPhase;
			buildActionMask = 2147483647;
			files = (
				8BA6C21017C911DC0086BB9C /* InfoPlist.strings in Resources */,
				8BA6C21817C911DC0086BB9C /* Default.png in Resources */,
				8BA6C21A17C911DC0086BB9C /* Default@2x.png in Resources */,
				8BA6C21C17C911DC0086BB9C /* Default-568h@2x.png in Resources */,
				8BA6C21F17C911DC0086BB9C /* MainStoryboard.storyboard in Resources */,
				8BA6C23217C929560086BB9C /* Projects.plist in Resources */,
			);
			runOnlyForDeploymentPostprocessing = 0;
		};
/* End PBXResourcesBuildPhase section */

/* Begin PBXSourcesBuildPhase section */
		8BA6C1FE17C911DC0086BB9C /* Sources */ = {
			isa = PBXSourcesBuildPhase;
			buildActionMask = 2147483647;
			files = (
				8BA6C21217C911DC0086BB9C /* main.m in Sources */,
				8BA6C21617C911DC0086BB9C /* RNAppDelegate.m in Sources */,
				8BA6C22217C911DC0086BB9C /* RNViewController.m in Sources */,
				8BA6C22D17C91B070086BB9C /* RNPerson.m in Sources */,
				8BA6C23017C91E900086BB9C /* RNLogViewController.m in Sources */,
				8BA6C23517C92A0E0086BB9C /* RNProjectsViewController.m in Sources */,
				8BA6C23B17C936ED0086BB9C /* RNRecipientsViewController.m in Sources */,
				8BA6C23E17C953180086BB9C /* RNSettingsViewController.m in Sources */,
				8BE19C9417CA246A00E19004 /* RNCore.m in Sources */,
			);
			runOnlyForDeploymentPostprocessing = 0;
		};
/* End PBXSourcesBuildPhase section */

/* Begin PBXVariantGroup section */
		8BA6C20E17C911DC0086BB9C /* InfoPlist.strings */ = {
			isa = PBXVariantGroup;
			children = (
				8BA6C20F17C911DC0086BB9C /* en */,
			);
			name = InfoPlist.strings;
			sourceTree = "<group>";
		};
		8BA6C21D17C911DC0086BB9C /* MainStoryboard.storyboard */ = {
			isa = PBXVariantGroup;
			children = (
				8BA6C21E17C911DC0086BB9C /* en */,
			);
			name = MainStoryboard.storyboard;
			sourceTree = "<group>";
		};
/* End PBXVariantGroup section */

/* Begin XCBuildConfiguration section */
		8BA6C22317C911DC0086BB9C /* Debug */ = {
			isa = XCBuildConfiguration;
			buildSettings = {
				ALWAYS_SEARCH_USER_PATHS = NO;
				CLANG_CXX_LANGUAGE_STANDARD = "gnu++0x";
				CLANG_CXX_LIBRARY = "libc++";
				CLANG_ENABLE_OBJC_ARC = YES;
				CLANG_WARN_CONSTANT_CONVERSION = YES;
				CLANG_WARN_EMPTY_BODY = YES;
				CLANG_WARN_ENUM_CONVERSION = YES;
				CLANG_WARN_INT_CONVERSION = YES;
				CLANG_WARN__DUPLICATE_METHOD_MATCH = YES;
				"CODE_SIGN_IDENTITY[sdk=iphoneos*]" = "iPhone Developer";
				COPY_PHASE_STRIP = NO;
				GCC_C_LANGUAGE_STANDARD = gnu99;
				GCC_DYNAMIC_NO_PIC = NO;
				GCC_OPTIMIZATION_LEVEL = 0;
				GCC_PREPROCESSOR_DEFINITIONS = (
					"DEBUG=1",
					"$(inherited)",
				);
				GCC_SYMBOLS_PRIVATE_EXTERN = NO;
				GCC_WARN_ABOUT_RETURN_TYPE = YES;
				GCC_WARN_UNINITIALIZED_AUTOS = YES;
				GCC_WARN_UNUSED_VARIABLE = YES;
				IPHONEOS_DEPLOYMENT_TARGET = 6.1;
				ONLY_ACTIVE_ARCH = YES;
				SDKROOT = iphoneos;
			};
			name = Debug;
		};
		8BA6C22417C911DC0086BB9C /* Release */ = {
			isa = XCBuildConfiguration;
			buildSettings = {
				ALWAYS_SEARCH_USER_PATHS = NO;
				CLANG_CXX_LANGUAGE_STANDARD = "gnu++0x";
				CLANG_CXX_LIBRARY = "libc++";
				CLANG_ENABLE_OBJC_ARC = YES;
				CLANG_WARN_CONSTANT_CONVERSION = YES;
				CLANG_WARN_EMPTY_BODY = YES;
				CLANG_WARN_ENUM_CONVERSION = YES;
				CLANG_WARN_INT_CONVERSION = YES;
				CLANG_WARN__DUPLICATE_METHOD_MATCH = YES;
				"CODE_SIGN_IDENTITY[sdk=iphoneos*]" = "iPhone Developer";
				COPY_PHASE_STRIP = YES;
				GCC_C_LANGUAGE_STANDARD = gnu99;
				GCC_WARN_ABOUT_RETURN_TYPE = YES;
				GCC_WARN_UNINITIALIZED_AUTOS = YES;
				GCC_WARN_UNUSED_VARIABLE = YES;
				IPHONEOS_DEPLOYMENT_TARGET = 6.1;
				OTHER_CFLAGS = "-DNS_BLOCK_ASSERTIONS=1";
				SDKROOT = iphoneos;
				VALIDATE_PRODUCT = YES;
			};
			name = Release;
		};
		8BA6C22617C911DC0086BB9C /* Debug */ = {
			isa = XCBuildConfiguration;
			buildSettings = {
				GCC_PRECOMPILE_PREFIX_HEADER = YES;
				GCC_PREFIX_HEADER = "ReactifyNetwork/ReactifyNetwork-Prefix.pch";
				INFOPLIST_FILE = "ReactifyNetwork/ReactifyNetwork-Info.plist";
				PRODUCT_NAME = "$(TARGET_NAME)";
				WRAPPER_EXTENSION = app;
			};
			name = Debug;
		};
		8BA6C22717C911DC0086BB9C /* Release */ = {
			isa = XCBuildConfiguration;
			buildSettings = {
				GCC_PRECOMPILE_PREFIX_HEADER = YES;
				GCC_PREFIX_HEADER = "ReactifyNetwork/ReactifyNetwork-Prefix.pch";
				INFOPLIST_FILE = "ReactifyNetwork/ReactifyNetwork-Info.plist";
				PRODUCT_NAME = "$(TARGET_NAME)";
				WRAPPER_EXTENSION = app;
			};
			name = Release;
		};
/* End XCBuildConfiguration section */

/* Begin XCConfigurationList section */
		8BA6C1FD17C911DC0086BB9C /* Build configuration list for PBXProject "ReactifyNetwork" */ = {
			isa = XCConfigurationList;
			buildConfigurations = (
				8BA6C22317C911DC0086BB9C /* Debug */,
				8BA6C22417C911DC0086BB9C /* Release */,
			);
			defaultConfigurationIsVisible = 0;
			defaultConfigurationName = Release;
		};
		8BA6C22517C911DC0086BB9C /* Build configuration list for PBXNativeTarget "ReactifyNetwork" */ = {
			isa = XCConfigurationList;
			buildConfigurations = (
				8BA6C22617C911DC0086BB9C /* Debug */,
				8BA6C22717C911DC0086BB9C /* Release */,
			);
			defaultConfigurationIsVisible = 0;
			defaultConfigurationName = Release;
		};
/* End XCConfigurationList section */
	};
	rootObject = 8BA6C1FA17C911DC0086BB9C /* Project object */;
}
